
Microsoft Visual Studio Solution File, Format Version 12.00
# Visual Studio Version 17
VisualStudioVersion = 17.13.35931.197 d17.13
MinimumVisualStudioVersion = 10.0.40219.1
Project("{FAE04EC0-301F-11D3-BF4B-00C04F79EFBC}") = "WebApiAjax", "WebApiAjax\WebApiAjax.csproj", "{237374AA-F258-47CE-9414-1FE6D5EBF391}"
EndProject
Global
	GlobalSection(SolutionConfigurationPlatforms) = preSolution
		Debug|Any CPU = Debug|Any CPU
		Release|Any CPU = Release|Any CPU
	EndGlobalSection
	GlobalSection(ProjectConfigurationPlatforms) = postSolution
		{237374AA-F258-47CE-9414-1FE6D5EBF391}.Debug|Any CPU.ActiveCfg = Debug|Any CPU
		{237374AA-F258-47CE-9414-1FE6D5EBF391}.Debug|Any CPU.Build.0 = Debug|Any CPU
		{237374AA-F258-47CE-9414-1FE6D5EBF391}.Release|Any CPU.ActiveCfg = Release|Any CPU
		{237374AA-F258-47CE-9414-1FE6D5EBF391}.Release|Any CPU.Build.0 = Release|Any CPU
	EndGlobalSection
	GlobalSection(SolutionProperties) = preSolution
		HideSolutionNode = FALSE
	EndGlobalSection
	GlobalSection(ExtensibilityGlobals) = postSolution
		SolutionGuid = {065AC059-B5D0-44B1-809B-FE6205BBCF22}
	EndGlobalSection
EndGlobal
